# This file is automatically @generated by Cargo.
# It is not intended for manual editing.
version = 3

[[package]]
name = "rust"
version = "0.1.0"
dependencies = [
 "sorting_rs",
]

[[package]]
name = "sorting_rs"
version = "1.2.10"
source = "registry+https://github.com/rust-lang/crates.io-index"
checksum = "3d67697249206b32c14d9513ccd63c9bdff700eed24868c1e2264b6d337c470d"
